
Microsoft Visual Studio Solution File, Format Version 12.00
# Visual Studio 2012
Project("{FAE04EC0-301F-11D3-BF4B-00C04F79EFBC}") = "DronovsCharts", "DronovsCharts\DronovsCharts.csproj", "{B9DFFEDC-A044-4F9F-B6C2-3C00395BB225}"
EndProject
Project("{FAE04EC0-301F-11D3-BF4B-00C04F79EFBC}") = "ChartBuilder", "ChartBuilder\ChartBuilder.csproj", "{947AF45A-17A7-4755-9350-C7F1E2367886}"
EndProject
Global
	GlobalSection(SolutionConfigurationPlatforms) = preSolution
		Debug|Any CPU = Debug|Any CPU
		Debug|Mixed Platforms = Debug|Mixed Platforms
		Debug|x64 = Debug|x64
		Release|Any CPU = Release|Any CPU
		Release|Mixed Platforms = Release|Mixed Platforms
		Release|x64 = Release|x64
	EndGlobalSection
	GlobalSection(ProjectConfigurationPlatforms) = postSolution
		{B9DFFEDC-A044-4F9F-B6C2-3C00395BB225}.Debug|Any CPU.ActiveCfg = Debug|Any CPU
		{B9DFFEDC-A044-4F9F-B6C2-3C00395BB225}.Debug|Any CPU.Build.0 = Debug|Any CPU
		{B9DFFEDC-A044-4F9F-B6C2-3C00395BB225}.Debug|Mixed Platforms.ActiveCfg = Debug|Any CPU
		{B9DFFEDC-A044-4F9F-B6C2-3C00395BB225}.Debug|Mixed Platforms.Build.0 = Debug|Any CPU
		{B9DFFEDC-A044-4F9F-B6C2-3C00395BB225}.Debug|x64.ActiveCfg = Debug|x64
		{B9DFFEDC-A044-4F9F-B6C2-3C00395BB225}.Debug|x64.Build.0 = Debug|x64
		{B9DFFEDC-A044-4F9F-B6C2-3C00395BB225}.Release|Any CPU.ActiveCfg = Release|Any CPU
		{B9DFFEDC-A044-4F9F-B6C2-3C00395BB225}.Release|Any CPU.Build.0 = Release|Any CPU
		{B9DFFEDC-A044-4F9F-B6C2-3C00395BB225}.Release|Any CPU.Deploy.0 = Release|Any CPU
		{B9DFFEDC-A044-4F9F-B6C2-3C00395BB225}.Release|Mixed Platforms.ActiveCfg = Release|Any CPU
		{B9DFFEDC-A044-4F9F-B6C2-3C00395BB225}.Release|Mixed Platforms.Build.0 = Release|Any CPU
		{B9DFFEDC-A044-4F9F-B6C2-3C00395BB225}.Release|x64.ActiveCfg = Release|x64
		{B9DFFEDC-A044-4F9F-B6C2-3C00395BB225}.Release|x64.Build.0 = Release|x64
		{947AF45A-17A7-4755-9350-C7F1E2367886}.Debug|Any CPU.ActiveCfg = Debug|Any CPU
		{947AF45A-17A7-4755-9350-C7F1E2367886}.Debug|Any CPU.Build.0 = Debug|Any CPU
		{947AF45A-17A7-4755-9350-C7F1E2367886}.Debug|Mixed Platforms.ActiveCfg = Debug|Any CPU
		{947AF45A-17A7-4755-9350-C7F1E2367886}.Debug|Mixed Platforms.Build.0 = Debug|Any CPU
		{947AF45A-17A7-4755-9350-C7F1E2367886}.Debug|x64.ActiveCfg = Debug|Any CPU
		{947AF45A-17A7-4755-9350-C7F1E2367886}.Release|Any CPU.ActiveCfg = Release|Any CPU
		{947AF45A-17A7-4755-9350-C7F1E2367886}.Release|Any CPU.Build.0 = Release|Any CPU
		{947AF45A-17A7-4755-9350-C7F1E2367886}.Release|Any CPU.Deploy.0 = Release|Any CPU
		{947AF45A-17A7-4755-9350-C7F1E2367886}.Release|Mixed Platforms.ActiveCfg = Release|Any CPU
		{947AF45A-17A7-4755-9350-C7F1E2367886}.Release|Mixed Platforms.Build.0 = Release|Any CPU
		{947AF45A-17A7-4755-9350-C7F1E2367886}.Release|x64.ActiveCfg = Release|Any CPU
	EndGlobalSection
	GlobalSection(SolutionProperties) = preSolution
		HideSolutionNode = FALSE
	EndGlobalSection
EndGlobal
